
Microsoft Visual Studio Solution File, Format Version 12.00
# Visual Studio Version 16
VisualStudioVersion = 16.0.32802.440
MinimumVisualStudioVersion = 10.0.40219.1
Project("{FAE04EC0-301F-11D3-BF4B-00C04F79EFBC}") = "Lab7Polymorphism", "Lab7Polymorphism\Lab7Polymorphism.csproj", "{14AD8C6A-C61E-4CD8-AEC1-AEC7C4E635A1}"
EndProject
Global
	GlobalSection(SolutionConfigurationPlatforms) = preSolution
		Debug|Any CPU = Debug|Any CPU
		Release|Any CPU = Release|Any CPU
	EndGlobalSection
	GlobalSection(ProjectConfigurationPlatforms) = postSolution
		{14AD8C6A-C61E-4CD8-AEC1-AEC7C4E635A1}.Debug|Any CPU.ActiveCfg = Debug|Any CPU
		{14AD8C6A-C61E-4CD8-AEC1-AEC7C4E635A1}.Debug|Any CPU.Build.0 = Debug|Any CPU
		{14AD8C6A-C61E-4CD8-AEC1-AEC7C4E635A1}.Release|Any CPU.ActiveCfg = Release|Any CPU
		{14AD8C6A-C61E-4CD8-AEC1-AEC7C4E635A1}.Release|Any CPU.Build.0 = Release|Any CPU
	EndGlobalSection
	GlobalSection(SolutionProperties) = preSolution
		HideSolutionNode = FALSE
	EndGlobalSection
	GlobalSection(ExtensibilityGlobals) = postSolution
		SolutionGuid = {F011C70A-C6B9-4623-8C0E-8BD5D06CA108}
	EndGlobalSection
EndGlobal
